// !$*UTF8*$!
{
	archiveVersion = 1;
	classes = {
	};
	objectVersion = 48;
	objects = {

/* Begin PBXBuildFile section */
		C984265D202E0C3A00CEC6B3 /* AppDelegate.swift in Sources */ = {isa = PBXBuildFile; fileRef = C984265C202E0C3A00CEC6B3 /* AppDelegate.swift */; };
		C9842662202E0C3A00CEC6B3 /* Main.storyboard in Resources */ = {isa = PBXBuildFile; fileRef = C9842660202E0C3A00CEC6B3 /* Main.storyboard */; };
		C9842664202E0C3A00CEC6B3 /* Assets.xcassets in Resources */ = {isa = PBXBuildFile; fileRef = C9842663202E0C3A00CEC6B3 /* Assets.xcassets */; };
		C9842667202E0C3A00CEC6B3 /* LaunchScreen.storyboard in Resources */ = {isa = PBXBuildFile; fileRef = C9842665202E0C3A00CEC6B3 /* LaunchScreen.storyboard */; };
		C9842671202E0C4D00CEC6B3 /* AViewController.swift in Sources */ = {isa = PBXBuildFile; fileRef = C9842670202E0C4D00CEC6B3 /* AViewController.swift */; };
		C9842674202E0D3E00CEC6B3 /* BViewController.swift in Sources */ = {isa = PBXBuildFile; fileRef = C9842673202E0D3E00CEC6B3 /* BViewController.swift */; };
/* End PBXBuildFile section */

/* Begin PBXFileReference section */
		C9842659202E0C3A00CEC6B3 /* ControllerLifeCycle.app */ = {isa = PBXFileReference; explicitFileType = wrapper.application; includeInIndex = 0; path = ControllerLifeCycle.app; sourceTree = BUILT_PRODUCTS_DIR; };
		C984265C202E0C3A00CEC6B3 /* AppDelegate.swift */ = {isa = PBXFileReference; lastKnownFileType = sourcecode.swift; path = AppDelegate.swift; sourceTree = "<group>"; };
		C9842661202E0C3A00CEC6B3 /* Base */ = {isa = PBXFileReference; lastKnownFileType = file.storyboard; name = Base; path = Base.lproj/Main.storyboard; sourceTree = "<group>"; };
		C9842663202E0C3A00CEC6B3 /* Assets.xcassets */ = {isa = PBXFileReference; lastKnownFileType = folder.assetcatalog; path = Assets.xcassets; sourceTree = "<group>"; };
		C9842666202E0C3A00CEC6B3 /* Base */ = {isa = PBXFileReference; lastKnownFileType = file.storyboard; name = Base; path = Base.lproj/LaunchScreen.storyboard; sourceTree = "<group>"; };
		C9842668202E0C3A00CEC6B3 /* Info.plist */ = {isa = PBXFileReference; lastKnownFileType = text.plist.xml; path = Info.plist; sourceTree = "<group>"; };
		C9842670202E0C4D00CEC6B3 /* AViewController.swift */ = {isa = PBXFileReference; lastKnownFileType = sourcecode.swift; path = AViewController.swift; sourceTree = "<group>"; };
		C9842673202E0D3E00CEC6B3 /* BViewController.swift */ = {isa = PBXFileReference; lastKnownFileType = sourcecode.swift; path = BViewController.swift; sourceTree = "<group>"; };
/* End PBXFileReference section */

/* Begin PBXFrameworksBuildPhase section */
		C9842656202E0C3A00CEC6B3 /* Frameworks */ = {
			isa = PBXFrameworksBuildPhase;
			buildActionMask = 2147483647;
			files = (
			);
			runOnlyForDeploymentPostprocessing = 0;
		};
/* End PBXFrameworksBuildPhase section */

/* Begin PBXGroup section */
		C9842650202E0C3A00CEC6B3 = {
			isa = PBXGroup;
			children = (
				C984265B202E0C3A00CEC6B3 /* ControllerLifeCycle */,
				C984265A202E0C3A00CEC6B3 /* Products */,
			);
			sourceTree = "<group>";
		};
		C984265A202E0C3A00CEC6B3 /* Products */ = {
			isa = PBXGroup;
			children = (
				C9842659202E0C3A00CEC6B3 /* ControllerLifeCycle.app */,
			);
			name = Products;
			sourceTree = "<group>";
		};
		C984265B202E0C3A00CEC6B3 /* ControllerLifeCycle */ = {
			isa = PBXGroup;
			children = (
				C9842672202E0C5D00CEC6B3 /* Supporting Files */,
				C9842670202E0C4D00CEC6B3 /* AViewController.swift */,
				C9842673202E0D3E00CEC6B3 /* BViewController.swift */,
				C9842660202E0C3A00CEC6B3 /* Main.storyboard */,
			);
			path = ControllerLifeCycle;
			sourceTree = "<group>";
		};
		C9842672202E0C5D00CEC6B3 /* Supporting Files */ = {
			isa = PBXGroup;
			children = (
				C984265C202E0C3A00CEC6B3 /* AppDelegate.swift */,
				C9842663202E0C3A00CEC6B3 /* Assets.xcassets */,
				C9842665202E0C3A00CEC6B3 /* LaunchScreen.storyboard */,
				C9842668202E0C3A00CEC6B3 /* Info.plist */,
			);
			path = "Supporting Files";
			sourceTree = "<group>";
		};
/* End PBXGroup section */

/* Begin PBXNativeTarget section */
		C9842658202E0C3A00CEC6B3 /* ControllerLifeCycle */ = {
			isa = PBXNativeTarget;
			buildConfigurationList = C984266B202E0C3A00CEC6B3 /* Build configuration list for PBXNativeTarget "ControllerLifeCycle" */;
			buildPhases = (
				C9842655202E0C3A00CEC6B3 /* Sources */,
				C9842656202E0C3A00CEC6B3 /* Frameworks */,
				C9842657202E0C3A00CEC6B3 /* Resources */,
			);
			buildRules = (
			);
			dependencies = (
			);
			name = ControllerLifeCycle;
			productName = ControllerLifeCycle;
			productReference = C9842659202E0C3A00CEC6B3 /* ControllerLifeCycle.app */;
			productType = "com.apple.product-type.application";
		};
/* End PBXNativeTarget section */

/* Begin PBXProject section */
		C9842651202E0C3A00CEC6B3 /* Project object */ = {
			isa = PBXProject;
			attributes = {
				LastSwiftUpdateCheck = 0920;
				LastUpgradeCheck = 1320;
				ORGANIZATIONNAME = OpenClassrooms;
				TargetAttributes = {
					C9842658202E0C3A00CEC6B3 = {
						CreatedOnToolsVersion = 9.2;
						LastSwiftMigration = 1320;
						ProvisioningStyle = Automatic;
					};
				};
			};
			buildConfigurationList = C9842654202E0C3A00CEC6B3 /* Build configuration list for PBXProject "ControllerLifeCycle" */;
			compatibilityVersion = "Xcode 8.0";
			developmentRegion = en;
			hasScannedForEncodings = 0;
			knownRegions = (
				en,
				Base,
			);
			mainGroup = C9842650202E0C3A00CEC6B3;
			productRefGroup = C984265A202E0C3A00CEC6B3 /* Products */;
			projectDirPath = "";
			projectRoot = "";
			targets = (
				C9842658202E0C3A00CEC6B3 /* ControllerLifeCycle */,
			);
		};
/* End PBXProject section */

/* Begin PBXResourcesBuildPhase section */
		C9842657202E0C3A00CEC6B3 /* Resources */ = {
			isa = PBXResourcesBuildPhase;
			buildActionMask = 2147483647;
			files = (
				C9842667202E0C3A00CEC6B3 /* LaunchScreen.storyboard in Resources */,
				C9842664202E0C3A00CEC6B3 /* Assets.xcassets in Resources */,
				C9842662202E0C3A00CEC6B3 /* Main.storyboard in Resources */,
			);
			runOnlyForDeploymentPostprocessing = 0;
		};
/* End PBXResourcesBuildPhase section */

/* Begin PBXSourcesBuildPhase section */
		C9842655202E0C3A00CEC6B3 /* Sources */ = {
			isa = PBXSourcesBuildPhase;
			buildActionMask = 2147483647;
			files = (
				C9842671202E0C4D00CEC6B3 /* AViewController.swift in Sources */,
				C9842674202E0D3E00CEC6B3 /* BViewController.swift in Sources */,
				C984265D202E0C3A00CEC6B3 /* AppDelegate.swift in Sources */,
			);
			runOnlyForDeploymentPostprocessing = 0;
		};
/* End PBXSourcesBuildPhase section */

/* Begin PBXVariantGroup section */
		C9842660202E0C3A00CEC6B3 /* Main.storyboard */ = {
			isa = PBXVariantGroup;
			children = (
				C9842661202E0C3A00CEC6B3 /* Base */,
			);
			name = Main.storyboard;
			sourceTree = "<group>";
		};
		C9842665202E0C3A00CEC6B3 /* LaunchScreen.storyboard */ = {
			isa = PBXVariantGroup;
			children = (
				C9842666202E0C3A00CEC6B3 /* Base */,
			);
			name = LaunchScreen.storyboard;
			sourceTree = "<group>";
		};
/* End PBXVariantGroup section */

/* Begin XCBuildConfiguration section */
		C9842669202E0C3A00CEC6B3 /* Debug */ = {
			isa = XCBuildConfiguration;
			buildSettings = {
				ALWAYS_SEARCH_USER_PATHS = NO;
				CLANG_ANALYZER_NONNULL = YES;
				CLANG_ANALYZER_NUMBER_OBJECT_CONVERSION = YES_AGGRESSIVE;
				CLANG_CXX_LANGUAGE_STANDARD = "gnu++14";
				CLANG_CXX_LIBRARY = "libc++";
				CLANG_ENABLE_MODULES = YES;
				CLANG_ENABLE_OBJC_ARC = YES;
				CLANG_WARN_BLOCK_CAPTURE_AUTORELEASING = YES;
				CLANG_WARN_BOOL_CONVERSION = YES;
				CLANG_WARN_COMMA = YES;
				CLANG_WARN_CONSTANT_CONVERSION = YES;
				CLANG_WARN_DEPRECATED_OBJC_IMPLEMENTATIONS = YES;
				CLANG_WARN_DIRECT_OBJC_ISA_USAGE = YES_ERROR;
				CLANG_WARN_DOCUMENTATION_COMMENTS = YES;
				CLANG_WARN_EMPTY_BODY = YES;
				CLANG_WARN_ENUM_CONVERSION = YES;
				CLANG_WARN_INFINITE_RECURSION = YES;
				CLANG_WARN_INT_CONVERSION = YES;
				CLANG_WARN_NON_LITERAL_NULL_CONVERSION = YES;
				CLANG_WARN_OBJC_IMPLICIT_RETAIN_SELF = YES;
				CLANG_WARN_OBJC_LITERAL_CONVERSION = YES;
				CLANG_WARN_OBJC_ROOT_CLASS = YES_ERROR;
				CLANG_WARN_QUOTED_INCLUDE_IN_FRAMEWORK_HEADER = YES;
				CLANG_WARN_RANGE_LOOP_ANALYSIS = YES;
				CLANG_WARN_STRICT_PROTOTYPES = YES;
				CLANG_WARN_SUSPICIOUS_MOVE = YES;
				CLANG_WARN_UNGUARDED_AVAILABILITY = YES_AGGRESSIVE;
				CLANG_WARN_UNREACHABLE_CODE = YES;
				CLANG_WARN__DUPLICATE_METHOD_MATCH = YES;
				CODE_SIGN_IDENTITY = "iPhone Developer";
				COPY_PHASE_STRIP = NO;
				DEBUG_INFORMATION_FORMAT = dwarf;
				ENABLE_STRICT_OBJC_MSGSEND = YES;
				ENABLE_TESTABILITY = YES;
				GCC_C_LANGUAGE_STANDARD = gnu11;
				GCC_DYNAMIC_NO_PIC = NO;
				GCC_NO_COMMON_BLOCKS = YES;
				GCC_OPTIMIZATION_LEVEL = 0;
				GCC_PREPROCESSOR_DEFINITIONS = (
					"DEBUG=1",
					"$(inherited)",
				);
				GCC_WARN_64_TO_32_BIT_CONVERSION = YES;
				GCC_WARN_ABOUT_RETURN_TYPE = YES_ERROR;
				GCC_WARN_UNDECLARED_SELECTOR = YES;
				GCC_WARN_UNINITIALIZED_AUTOS = YES_AGGRESSIVE;
				GCC_WARN_UNUSED_FUNCTION = YES;
				GCC_WARN_UNUSED_VARIABLE = YES;
				IPHONEOS_DEPLOYMENT_TARGET = 12.0;
				MTL_ENABLE_DEBUG_INFO = YES;
				ONLY_ACTIVE_ARCH = YES;
				SDKROOT = iphoneos;
				SWIFT_ACTIVE_COMPILATION_CONDITIONS = DEBUG;
				SWIFT_OPTIMIZATION_LEVEL = "-Onone";
			};
			name = Debug;
		};
		C984266A202E0C3A00CEC6B3 /* Release */ = {
			isa = XCBuildConfiguration;
			buildSettings = {
				ALWAYS_SEARCH_USER_PATHS = NO;
				CLANG_ANALYZER_NONNULL = YES;
				CLANG_ANALYZER_NUMBER_OBJECT_CONVERSION = YES_AGGRESSIVE;
				CLANG_CXX_LANGUAGE_STANDARD = "gnu++14";
				CLANG_CXX_LIBRARY = "libc++";
				CLANG_ENABLE_MODULES = YES;
				CLANG_ENABLE_OBJC_ARC = YES;
				CLANG_WARN_BLOCK_CAPTURE_AUTORELEASING = YES;
				CLANG_WARN_BOOL_CONVERSION = YES;
				CLANG_WARN_COMMA = YES;
				CLANG_WARN_CONSTANT_CONVERSION = YES;
				CLANG_WARN_DEPRECATED_OBJC_IMPLEMENTATIONS = YES;
				CLANG_WARN_DIRECT_OBJC_ISA_USAGE = YES_ERROR;
				CLANG_WARN_DOCUMENTATION_COMMENTS = YES;
				CLANG_WARN_EMPTY_BODY = YES;
				CLANG_WARN_ENUM_CONVERSION = YES;
				CLANG_WARN_INFINITE_RECURSION = YES;
				CLANG_WARN_INT_CONVERSION = YES;
				CLANG_WARN_NON_LITERAL_NULL_CONVERSION = YES;
				CLANG_WARN_OBJC_IMPLICIT_RETAIN_SELF = YES;
				CLANG_WARN_OBJC_LITERAL_CONVERSION = YES;
				CLANG_WARN_OBJC_ROOT_CLASS = YES_ERROR;
				CLANG_WARN_QUOTED_INCLUDE_IN_FRAMEWORK_HEADER = YES;
				CLANG_WARN_RANGE_LOOP_ANALYSIS = YES;
				CLANG_WARN_STRICT_PROTOTYPES = YES;
				CLANG_WARN_SUSPICIOUS_MOVE = YES;
				CLANG_WARN_UNGUARDED_AVAILABILITY = YES_AGGRESSIVE;
				CLANG_WARN_UNREACHABLE_CODE = YES;
				CLANG_WARN__DUPLICATE_METHOD_MATCH = YES;
				CODE_SIGN_IDENTITY = "iPhone Developer";
				COPY_PHASE_STRIP = NO;
				DEBUG_INFORMATION_FORMAT = "dwarf-with-dsym";
				ENABLE_NS_ASSERTIONS = NO;
				ENABLE_STRICT_OBJC_MSGSEND = YES;
				GCC_C_LANGUAGE_STANDARD = gnu11;
				GCC_NO_COMMON_BLOCKS = YES;
				GCC_WARN_64_TO_32_BIT_CONVERSION = YES;
				GCC_WARN_ABOUT_RETURN_TYPE = YES_ERROR;
				GCC_WARN_UNDECLARED_SELECTOR = YES;
				GCC_WARN_UNINITIALIZED_AUTOS = YES_AGGRESSIVE;
				GCC_WARN_UNUSED_FUNCTION = YES;
				GCC_WARN_UNUSED_VARIABLE = YES;
				IPHONEOS_DEPLOYMENT_TARGET = 12.0;
				MTL_ENABLE_DEBUG_INFO = NO;
				SDKROOT = iphoneos;
				SWIFT_OPTIMIZATION_LEVEL = "-Owholemodule";
				VALIDATE_PRODUCT = YES;
			};
			name = Release;
		};
		C984266C202E0C3A00CEC6B3 /* Debug */ = {
			isa = XCBuildConfiguration;
			buildSettings = {
				ASSETCATALOG_COMPILER_APPICON_NAME = AppIcon;
				CODE_SIGN_STYLE = Automatic;
				INFOPLIST_FILE = "$(SRCROOT)/ControllerLifeCycle/Supporting Files/Info.plist";
				LD_RUNPATH_SEARCH_PATHS = "$(inherited) @executable_path/Frameworks";
				PRODUCT_BUNDLE_IDENTIFIER = com.openclassrooms.ControllerLifeCycle;
				PRODUCT_NAME = "$(TARGET_NAME)";
				SWIFT_VERSION = 5.0;
				TARGETED_DEVICE_FAMILY = "1,2";
			};
			name = Debug;
		};
		C984266D202E0C3A00CEC6B3 /* Release */ = {
			isa = XCBuildConfiguration;
			buildSettings = {
				ASSETCATALOG_COMPILER_APPICON_NAME = AppIcon;
				CODE_SIGN_STYLE = Automatic;
				INFOPLIST_FILE = "$(SRCROOT)/ControllerLifeCycle/Supporting Files/Info.plist";
				LD_RUNPATH_SEARCH_PATHS = "$(inherited) @executable_path/Frameworks";
				PRODUCT_BUNDLE_IDENTIFIER = com.openclassrooms.ControllerLifeCycle;
				PRODUCT_NAME = "$(TARGET_NAME)";
				SWIFT_VERSION = 5.0;
				TARGETED_DEVICE_FAMILY = "1,2";
			};
			name = Release;
		};
/* End XCBuildConfiguration section */

/* Begin XCConfigurationList section */
		C9842654202E0C3A00CEC6B3 /* Build configuration list for PBXProject "ControllerLifeCycle" */ = {
			isa = XCConfigurationList;
			buildConfigurations = (
				C9842669202E0C3A00CEC6B3 /* Debug */,
				C984266A202E0C3A00CEC6B3 /* Release */,
			);
			defaultConfigurationIsVisible = 0;
			defaultConfigurationName = Release;
		};
		C984266B202E0C3A00CEC6B3 /* Build configuration list for PBXNativeTarget "ControllerLifeCycle" */ = {
			isa = XCConfigurationList;
			buildConfigurations = (
				C984266C202E0C3A00CEC6B3 /* Debug */,
				C984266D202E0C3A00CEC6B3 /* Release */,
			);
			defaultConfigurationIsVisible = 0;
			defaultConfigurationName = Release;
		};
/* End XCConfigurationList section */
	};
	rootObject = C9842651202E0C3A00CEC6B3 /* Project object */;
}
